
Microsoft Visual Studio Solution File, Format Version 12.00
# Visual Studio Version 16
VisualStudioVersion = 16.0.31729.503
MinimumVisualStudioVersion = 10.0.40219.1
Project("{FAE04EC0-301F-11D3-BF4B-00C04F79EFBC}") = "Assignment 1", "Assignment 1.csproj", "{43574017-1CA7-4382-9DAB-DC94132AC7C9}"
EndProject
Global
	GlobalSection(SolutionConfigurationPlatforms) = preSolution
		Debug|Any CPU = Debug|Any CPU
		Release|Any CPU = Release|Any CPU
	EndGlobalSection
	GlobalSection(ProjectConfigurationPlatforms) = postSolution
		{43574017-1CA7-4382-9DAB-DC94132AC7C9}.Debug|Any CPU.ActiveCfg = Debug|Any CPU
		{43574017-1CA7-4382-9DAB-DC94132AC7C9}.Debug|Any CPU.Build.0 = Debug|Any CPU
		{43574017-1CA7-4382-9DAB-DC94132AC7C9}.Release|Any CPU.ActiveCfg = Release|Any CPU
		{43574017-1CA7-4382-9DAB-DC94132AC7C9}.Release|Any CPU.Build.0 = Release|Any CPU
	EndGlobalSection
	GlobalSection(SolutionProperties) = preSolution
		HideSolutionNode = FALSE
	EndGlobalSection
	GlobalSection(ExtensibilityGlobals) = postSolution
		SolutionGuid = {F973B4B4-581D-448B-96B5-102A9C24FE1A}
	EndGlobalSection
EndGlobal
